
Microsoft Visual Studio Solution File, Format Version 12.00
# Visual Studio Version 17
VisualStudioVersion = 17.8.34330.188
MinimumVisualStudioVersion = 10.0.40219.1
Project("{FAE04EC0-301F-11D3-BF4B-00C04F79EFBC}") = "HandMadeMapper", "HandMadeMapper\HandMadeMapper.csproj", "{3013F5BB-958A-4640-9A99-D500E2F5AB89}"
EndProject
Global
	GlobalSection(SolutionConfigurationPlatforms) = preSolution
		Debug|Any CPU = Debug|Any CPU
		Release|Any CPU = Release|Any CPU
	EndGlobalSection
	GlobalSection(ProjectConfigurationPlatforms) = postSolution
		{3013F5BB-958A-4640-9A99-D500E2F5AB89}.Debug|Any CPU.ActiveCfg = Debug|Any CPU
		{3013F5BB-958A-4640-9A99-D500E2F5AB89}.Debug|Any CPU.Build.0 = Debug|Any CPU
		{3013F5BB-958A-4640-9A99-D500E2F5AB89}.Release|Any CPU.ActiveCfg = Release|Any CPU
		{3013F5BB-958A-4640-9A99-D500E2F5AB89}.Release|Any CPU.Build.0 = Release|Any CPU
	EndGlobalSection
	GlobalSection(SolutionProperties) = preSolution
		HideSolutionNode = FALSE
	EndGlobalSection
	GlobalSection(ExtensibilityGlobals) = postSolution
		SolutionGuid = {73F7858E-9659-4BAE-9F96-AB41E27E6640}
	EndGlobalSection
EndGlobal
