
Microsoft Visual Studio Solution File, Format Version 12.00
# Visual Studio Version 17
VisualStudioVersion = 17.8.34330.188
MinimumVisualStudioVersion = 10.0.40219.1
Project("{FAE04EC0-301F-11D3-BF4B-00C04F79EFBC}") = "Microsoft-Identity-Sample", "Microsoft-Identity-Sample\Microsoft-Identity-Sample.csproj", "{12E35661-84EA-4873-BDA7-4AEBB87FC317}"
EndProject
Global
	GlobalSection(SolutionConfigurationPlatforms) = preSolution
		Debug|Any CPU = Debug|Any CPU
		Release|Any CPU = Release|Any CPU
	EndGlobalSection
	GlobalSection(ProjectConfigurationPlatforms) = postSolution
		{12E35661-84EA-4873-BDA7-4AEBB87FC317}.Debug|Any CPU.ActiveCfg = Debug|Any CPU
		{12E35661-84EA-4873-BDA7-4AEBB87FC317}.Debug|Any CPU.Build.0 = Debug|Any CPU
		{12E35661-84EA-4873-BDA7-4AEBB87FC317}.Release|Any CPU.ActiveCfg = Release|Any CPU
		{12E35661-84EA-4873-BDA7-4AEBB87FC317}.Release|Any CPU.Build.0 = Release|Any CPU
	EndGlobalSection
	GlobalSection(SolutionProperties) = preSolution
		HideSolutionNode = FALSE
	EndGlobalSection
	GlobalSection(ExtensibilityGlobals) = postSolution
		SolutionGuid = {18FC7C16-722C-4672-BF36-43A98C20EB7A}
	EndGlobalSection
EndGlobal
